
Microsoft Visual Studio Solution File, Format Version 12.00
# Visual Studio Version 16
VisualStudioVersion = 25.0.1704.0
MinimumVisualStudioVersion = 10.0.40219.1
Project("{2150E333-8FDC-42A3-9474-1A3956D46DE8}") = "src", "src", "{10833754-4452-47F3-B87E-66F5166B1E9C}"
EndProject
Project("{2150E333-8FDC-42A3-9474-1A3956D46DE8}") = "corePackages", "corePackages", "{4C57AB00-91EB-447E-B770-B40781B2B8F7}"
EndProject
Project("{FAE04EC0-301F-11D3-BF4B-00C04F79EFBC}") = "Core.Application", "src\corePackages\Core.Application\Core.Application.csproj", "{FF17FF84-FD1A-4F56-B6D6-F7D53B9A0B06}"
EndProject
Project("{FAE04EC0-301F-11D3-BF4B-00C04F79EFBC}") = "Core.CrossCuttingConcerns", "src\corePackages\Core.CrossCuttingConcers\Core.CrossCuttingConcerns.csproj", "{2FF45281-5C04-422E-926D-49943E7D2B3A}"
EndProject
Project("{FAE04EC0-301F-11D3-BF4B-00C04F79EFBC}") = "Core.ElasticSearch", "src\corePackages\Core.ElasticSearch\Core.ElasticSearch.csproj", "{6C16CF53-32B0-45FE-822D-4D42E7402356}"
EndProject
Project("{FAE04EC0-301F-11D3-BF4B-00C04F79EFBC}") = "Core.Mailing", "src\corePackages\Core.Mailing\Core.Mailing.csproj", "{8690677B-21AC-4904-857D-138C4E329A4C}"
EndProject
Project("{FAE04EC0-301F-11D3-BF4B-00C04F79EFBC}") = "Core.Persistence", "src\corePackages\Core.Persistence\Core.Persistence.csproj", "{B7D2166A-786F-4666-BAC1-16469D57ADF4}"
EndProject
Project("{FAE04EC0-301F-11D3-BF4B-00C04F79EFBC}") = "Core.Security", "src\corePackages\Core.Security\Core.Security.csproj", "{16C4A73F-50A9-4C41-8F90-388373F4BF64}"
EndProject
Project("{2150E333-8FDC-42A3-9474-1A3956D46DE8}") = "rentACar", "rentACar", "{5B4A5979-4920-4E38-9886-7D1E7CB12F61}"
EndProject
Project("{FAE04EC0-301F-11D3-BF4B-00C04F79EFBC}") = "Application", "src\rentACar\Application\Application.csproj", "{2B395487-72E9-4488-9C96-74D5A8E6C36E}"
EndProject
Project("{FAE04EC0-301F-11D3-BF4B-00C04F79EFBC}") = "Infrastructure", "src\rentACar\Infrastructure\Infrastructure.csproj", "{6B4C6946-F5EE-4175-A775-1140A27B06A5}"
EndProject
Project("{FAE04EC0-301F-11D3-BF4B-00C04F79EFBC}") = "Domain", "src\rentACar\Domain\Domain.csproj", "{176EC96C-0B8C-4FBF-8AB7-BDFEC5F0745E}"
EndProject
Project("{FAE04EC0-301F-11D3-BF4B-00C04F79EFBC}") = "Persistence", "src\rentACar\Persistence\Persistence.csproj", "{C73D1F3E-0E6B-4B6D-B1E6-F477CEC11707}"
EndProject
Project("{FAE04EC0-301F-11D3-BF4B-00C04F79EFBC}") = "WebAPI", "src\rentACar\WebAPI\WebAPI.csproj", "{F12A7F16-F6A8-459E-A4D5-95EF616EF52B}"
EndProject
Global
	GlobalSection(SolutionConfigurationPlatforms) = preSolution
		Debug|Any CPU = Debug|Any CPU
		Release|Any CPU = Release|Any CPU
	EndGlobalSection
	GlobalSection(ProjectConfigurationPlatforms) = postSolution
		{FF17FF84-FD1A-4F56-B6D6-F7D53B9A0B06}.Debug|Any CPU.ActiveCfg = Debug|Any CPU
		{FF17FF84-FD1A-4F56-B6D6-F7D53B9A0B06}.Debug|Any CPU.Build.0 = Debug|Any CPU
		{FF17FF84-FD1A-4F56-B6D6-F7D53B9A0B06}.Release|Any CPU.ActiveCfg = Release|Any CPU
		{FF17FF84-FD1A-4F56-B6D6-F7D53B9A0B06}.Release|Any CPU.Build.0 = Release|Any CPU
		{2FF45281-5C04-422E-926D-49943E7D2B3A}.Debug|Any CPU.ActiveCfg = Debug|Any CPU
		{2FF45281-5C04-422E-926D-49943E7D2B3A}.Debug|Any CPU.Build.0 = Debug|Any CPU
		{2FF45281-5C04-422E-926D-49943E7D2B3A}.Release|Any CPU.ActiveCfg = Release|Any CPU
		{2FF45281-5C04-422E-926D-49943E7D2B3A}.Release|Any CPU.Build.0 = Release|Any CPU
		{6C16CF53-32B0-45FE-822D-4D42E7402356}.Debug|Any CPU.ActiveCfg = Debug|Any CPU
		{6C16CF53-32B0-45FE-822D-4D42E7402356}.Debug|Any CPU.Build.0 = Debug|Any CPU
		{6C16CF53-32B0-45FE-822D-4D42E7402356}.Release|Any CPU.ActiveCfg = Release|Any CPU
		{6C16CF53-32B0-45FE-822D-4D42E7402356}.Release|Any CPU.Build.0 = Release|Any CPU
		{8690677B-21AC-4904-857D-138C4E329A4C}.Debug|Any CPU.ActiveCfg = Debug|Any CPU
		{8690677B-21AC-4904-857D-138C4E329A4C}.Debug|Any CPU.Build.0 = Debug|Any CPU
		{8690677B-21AC-4904-857D-138C4E329A4C}.Release|Any CPU.ActiveCfg = Release|Any CPU
		{8690677B-21AC-4904-857D-138C4E329A4C}.Release|Any CPU.Build.0 = Release|Any CPU
		{B7D2166A-786F-4666-BAC1-16469D57ADF4}.Debug|Any CPU.ActiveCfg = Debug|Any CPU
		{B7D2166A-786F-4666-BAC1-16469D57ADF4}.Debug|Any CPU.Build.0 = Debug|Any CPU
		{B7D2166A-786F-4666-BAC1-16469D57ADF4}.Release|Any CPU.ActiveCfg = Release|Any CPU
		{B7D2166A-786F-4666-BAC1-16469D57ADF4}.Release|Any CPU.Build.0 = Release|Any CPU
		{16C4A73F-50A9-4C41-8F90-388373F4BF64}.Debug|Any CPU.ActiveCfg = Debug|Any CPU
		{16C4A73F-50A9-4C41-8F90-388373F4BF64}.Debug|Any CPU.Build.0 = Debug|Any CPU
		{16C4A73F-50A9-4C41-8F90-388373F4BF64}.Release|Any CPU.ActiveCfg = Release|Any CPU
		{16C4A73F-50A9-4C41-8F90-388373F4BF64}.Release|Any CPU.Build.0 = Release|Any CPU
		{2B395487-72E9-4488-9C96-74D5A8E6C36E}.Debug|Any CPU.ActiveCfg = Debug|Any CPU
		{2B395487-72E9-4488-9C96-74D5A8E6C36E}.Debug|Any CPU.Build.0 = Debug|Any CPU
		{2B395487-72E9-4488-9C96-74D5A8E6C36E}.Release|Any CPU.ActiveCfg = Release|Any CPU
		{2B395487-72E9-4488-9C96-74D5A8E6C36E}.Release|Any CPU.Build.0 = Release|Any CPU
		{6B4C6946-F5EE-4175-A775-1140A27B06A5}.Debug|Any CPU.ActiveCfg = Debug|Any CPU
		{6B4C6946-F5EE-4175-A775-1140A27B06A5}.Debug|Any CPU.Build.0 = Debug|Any CPU
		{6B4C6946-F5EE-4175-A775-1140A27B06A5}.Release|Any CPU.ActiveCfg = Release|Any CPU
		{6B4C6946-F5EE-4175-A775-1140A27B06A5}.Release|Any CPU.Build.0 = Release|Any CPU
		{176EC96C-0B8C-4FBF-8AB7-BDFEC5F0745E}.Debug|Any CPU.ActiveCfg = Debug|Any CPU
		{176EC96C-0B8C-4FBF-8AB7-BDFEC5F0745E}.Debug|Any CPU.Build.0 = Debug|Any CPU
		{176EC96C-0B8C-4FBF-8AB7-BDFEC5F0745E}.Release|Any CPU.ActiveCfg = Release|Any CPU
		{176EC96C-0B8C-4FBF-8AB7-BDFEC5F0745E}.Release|Any CPU.Build.0 = Release|Any CPU
		{C73D1F3E-0E6B-4B6D-B1E6-F477CEC11707}.Debug|Any CPU.ActiveCfg = Debug|Any CPU
		{C73D1F3E-0E6B-4B6D-B1E6-F477CEC11707}.Debug|Any CPU.Build.0 = Debug|Any CPU
		{C73D1F3E-0E6B-4B6D-B1E6-F477CEC11707}.Release|Any CPU.ActiveCfg = Release|Any CPU
		{C73D1F3E-0E6B-4B6D-B1E6-F477CEC11707}.Release|Any CPU.Build.0 = Release|Any CPU
		{F12A7F16-F6A8-459E-A4D5-95EF616EF52B}.Debug|Any CPU.ActiveCfg = Debug|Any CPU
		{F12A7F16-F6A8-459E-A4D5-95EF616EF52B}.Debug|Any CPU.Build.0 = Debug|Any CPU
		{F12A7F16-F6A8-459E-A4D5-95EF616EF52B}.Release|Any CPU.ActiveCfg = Release|Any CPU
		{F12A7F16-F6A8-459E-A4D5-95EF616EF52B}.Release|Any CPU.Build.0 = Release|Any CPU
	EndGlobalSection
	GlobalSection(SolutionProperties) = preSolution
		HideSolutionNode = FALSE
	EndGlobalSection
	GlobalSection(ExtensibilityGlobals) = postSolution
		SolutionGuid = {FBCD3B84-DFFB-4FBB-AEA1-2A094D228C75}
	EndGlobalSection
	GlobalSection(NestedProjects) = preSolution
		{4C57AB00-91EB-447E-B770-B40781B2B8F7} = {10833754-4452-47F3-B87E-66F5166B1E9C}
		{FF17FF84-FD1A-4F56-B6D6-F7D53B9A0B06} = {4C57AB00-91EB-447E-B770-B40781B2B8F7}
		{2FF45281-5C04-422E-926D-49943E7D2B3A} = {4C57AB00-91EB-447E-B770-B40781B2B8F7}
		{6C16CF53-32B0-45FE-822D-4D42E7402356} = {4C57AB00-91EB-447E-B770-B40781B2B8F7}
		{8690677B-21AC-4904-857D-138C4E329A4C} = {4C57AB00-91EB-447E-B770-B40781B2B8F7}
		{B7D2166A-786F-4666-BAC1-16469D57ADF4} = {4C57AB00-91EB-447E-B770-B40781B2B8F7}
		{16C4A73F-50A9-4C41-8F90-388373F4BF64} = {4C57AB00-91EB-447E-B770-B40781B2B8F7}
		{5B4A5979-4920-4E38-9886-7D1E7CB12F61} = {10833754-4452-47F3-B87E-66F5166B1E9C}
		{2B395487-72E9-4488-9C96-74D5A8E6C36E} = {5B4A5979-4920-4E38-9886-7D1E7CB12F61}
		{6B4C6946-F5EE-4175-A775-1140A27B06A5} = {5B4A5979-4920-4E38-9886-7D1E7CB12F61}
		{176EC96C-0B8C-4FBF-8AB7-BDFEC5F0745E} = {5B4A5979-4920-4E38-9886-7D1E7CB12F61}
		{C73D1F3E-0E6B-4B6D-B1E6-F477CEC11707} = {5B4A5979-4920-4E38-9886-7D1E7CB12F61}
		{F12A7F16-F6A8-459E-A4D5-95EF616EF52B} = {5B4A5979-4920-4E38-9886-7D1E7CB12F61}
	EndGlobalSection
EndGlobal
